// !$*UTF8*$!
{
	archiveVersion = 1;
	classes = {
	};
	objectVersion = 51;
	objects = {

/* Begin PBXBuildFile section */
		0477EA9D26124D40009DC747 /* AuthManager.swift in Sources */ = {isa = PBXBuildFile; fileRef = 0477EA9C26124D40009DC747 /* AuthManager.swift */; };
		0477EAA126124D4D009DC747 /* APICaller.swift in Sources */ = {isa = PBXBuildFile; fileRef = 0477EAA026124D4D009DC747 /* APICaller.swift */; };
		0477EAA526124D90009DC747 /* Household.swift in Sources */ = {isa = PBXBuildFile; fileRef = 0477EAA426124D90009DC747 /* Household.swift */; };
		0477EAAD26124DA6009DC747 /* Chore.swift in Sources */ = {isa = PBXBuildFile; fileRef = 0477EAAC26124DA6009DC747 /* Chore.swift */; };
		0477EAB026124DCC009DC747 /* User.swift in Sources */ = {isa = PBXBuildFile; fileRef = 0477EAAF26124DCC009DC747 /* User.swift */; };
		047F000626128FD6009EF15D /* TabBarViewController.swift in Sources */ = {isa = PBXBuildFile; fileRef = 047F000526128FD6009EF15D /* TabBarViewController.swift */; };
		047F00092612B6D1009EF15D /* ProfileViewController.swift in Sources */ = {isa = PBXBuildFile; fileRef = 047F00082612B6D1009EF15D /* ProfileViewController.swift */; };
		047F000C2612B6FC009EF15D /* SettingsViewController.swift in Sources */ = {isa = PBXBuildFile; fileRef = 047F000B2612B6FC009EF15D /* SettingsViewController.swift */; };
		048E5B6D260BB139009978B4 /* AppDelegate.swift in Sources */ = {isa = PBXBuildFile; fileRef = 048E5B6C260BB139009978B4 /* AppDelegate.swift */; };
		048E5B6F260BB139009978B4 /* SceneDelegate.swift in Sources */ = {isa = PBXBuildFile; fileRef = 048E5B6E260BB139009978B4 /* SceneDelegate.swift */; };
		048E5B71260BB139009978B4 /* HomeViewController.swift in Sources */ = {isa = PBXBuildFile; fileRef = 048E5B70260BB139009978B4 /* HomeViewController.swift */; };
		048E5B76260BB13C009978B4 /* Assets.xcassets in Resources */ = {isa = PBXBuildFile; fileRef = 048E5B75260BB13C009978B4 /* Assets.xcassets */; };
		048E5B79260BB13C009978B4 /* LaunchScreen.storyboard in Resources */ = {isa = PBXBuildFile; fileRef = 048E5B77260BB13C009978B4 /* LaunchScreen.storyboard */; };
		04A77F8A262B6E640023975C /* NameSetupViewController.swift in Sources */ = {isa = PBXBuildFile; fileRef = 04A77F89262B6E640023975C /* NameSetupViewController.swift */; };
		04A77F91262CDCBD0023975C /* Lato-Italic.ttf in Resources */ = {isa = PBXBuildFile; fileRef = 04A77F8D262CDCBD0023975C /* Lato-Italic.ttf */; };
		04A77F92262CDCBD0023975C /* Lato-Light.ttf in Resources */ = {isa = PBXBuildFile; fileRef = 04A77F8E262CDCBD0023975C /* Lato-Light.ttf */; };
		04A77F93262CDCBD0023975C /* Lato-Regular.ttf in Resources */ = {isa = PBXBuildFile; fileRef = 04A77F8F262CDCBD0023975C /* Lato-Regular.ttf */; };
		04A77F94262CDCBD0023975C /* Lato-LightItalic.ttf in Resources */ = {isa = PBXBuildFile; fileRef = 04A77F90262CDCBD0023975C /* Lato-LightItalic.ttf */; };
		04A77F98262CFD220023975C /* Quicksand-Regular.ttf in Resources */ = {isa = PBXBuildFile; fileRef = 04A77F96262CFD220023975C /* Quicksand-Regular.ttf */; };
		04A77F99262CFD220023975C /* Quicksand-SemiBold.ttf in Resources */ = {isa = PBXBuildFile; fileRef = 04A77F97262CFD220023975C /* Quicksand-SemiBold.ttf */; };
		04A7A686263FA4070002C8B8 /* Member.swift in Sources */ = {isa = PBXBuildFile; fileRef = 04A7A685263FA4070002C8B8 /* Member.swift */; };
		04AB1F92263B45210050087F /* HouseholdSetupViewController.swift in Sources */ = {isa = PBXBuildFile; fileRef = 04AB1F91263B45210050087F /* HouseholdSetupViewController.swift */; };
		04AB1F94263B4A120050087F /* NewHouseholdSetupViewController.swift in Sources */ = {isa = PBXBuildFile; fileRef = 04AB1F93263B4A120050087F /* NewHouseholdSetupViewController.swift */; };
		04AB1F96263B4A270050087F /* JoinHouseholdSetupViewController.swift in Sources */ = {isa = PBXBuildFile; fileRef = 04AB1F95263B4A270050087F /* JoinHouseholdSetupViewController.swift */; };
		04B798A32627C48C0095AE2E /* SignInViewController.swift in Sources */ = {isa = PBXBuildFile; fileRef = 04B798A22627C48C0095AE2E /* SignInViewController.swift */; };
		04B798A62627C6330095AE2E /* EmailSignInViewController.swift in Sources */ = {isa = PBXBuildFile; fileRef = 04B798A52627C6330095AE2E /* EmailSignInViewController.swift */; };
		04B904CA2625D3E8001551A5 /* Extensions.swift in Sources */ = {isa = PBXBuildFile; fileRef = 04B904C92625D3E8001551A5 /* Extensions.swift */; };
		04B904CE262635C1001551A5 /* EmailSignUpViewController.swift in Sources */ = {isa = PBXBuildFile; fileRef = 04B904CD262635C1001551A5 /* EmailSignUpViewController.swift */; };
		04DDB02426140890008E03EB /* WelcomeViewController.swift in Sources */ = {isa = PBXBuildFile; fileRef = 04DDB02326140890008E03EB /* WelcomeViewController.swift */; };
		04DDB02E261420FD008E03EB /* AuthViewController.swift in Sources */ = {isa = PBXBuildFile; fileRef = 04DDB02D261420FD008E03EB /* AuthViewController.swift */; };
		04E918B826252AD2009469F0 /* LoginViewController.swift in Sources */ = {isa = PBXBuildFile; fileRef = 04E918B726252AD2009469F0 /* LoginViewController.swift */; };
		04E918BB26252AFF009469F0 /* SignUpViewController.swift in Sources */ = {isa = PBXBuildFile; fileRef = 04E918BA26252AFF009469F0 /* SignUpViewController.swift */; };
		5F8285A9CDBECEED52DE1F35 /* Pods_Choreboard.framework in Frameworks */ = {isa = PBXBuildFile; fileRef = 2C901CCC48E7D7761995E0C6 /* Pods_Choreboard.framework */; };
		FE4C58C1263F881500BD0DF5 /* MemberSummaryViewController.swift in Sources */ = {isa = PBXBuildFile; fileRef = FE4C58C0263F881500BD0DF5 /* MemberSummaryViewController.swift */; };
		FE8B110326262E0900236EB3 /* UserPageViewController.swift in Sources */ = {isa = PBXBuildFile; fileRef = FE8B110226262E0900236EB3 /* UserPageViewController.swift */; };
		FE8B111226265C7800236EB3 /* ChoreCollectionViewCell.swift in Sources */ = {isa = PBXBuildFile; fileRef = FE8B111126265C7800236EB3 /* ChoreCollectionViewCell.swift */; };
		FE8B111626265CA000236EB3 /* HouseholdMemberCollectionViewCell.swift in Sources */ = {isa = PBXBuildFile; fileRef = FE8B111526265CA000236EB3 /* HouseholdMemberCollectionViewCell.swift */; };
		FE8B11192626614200236EB3 /* ChoreCellViewModel.swift in Sources */ = {isa = PBXBuildFile; fileRef = FE8B11182626614200236EB3 /* ChoreCellViewModel.swift */; };
		FE8B111C26268B5C00236EB3 /* HouseholdMemberCellViewModel.swift in Sources */ = {isa = PBXBuildFile; fileRef = FE8B111B26268B5C00236EB3 /* HouseholdMemberCellViewModel.swift */; };
		FE8B111F262690F900236EB3 /* TitleHeaderCollectionReusableView.swift in Sources */ = {isa = PBXBuildFile; fileRef = FE8B111E262690F900236EB3 /* TitleHeaderCollectionReusableView.swift */; };
		FEB882BF2625F426004F0D1E /* SettingsModels.swift in Sources */ = {isa = PBXBuildFile; fileRef = FEB882BE2625F426004F0D1E /* SettingsModels.swift */; };
		FEB882C22625F980004F0D1E /* HouseholdViewController.swift in Sources */ = {isa = PBXBuildFile; fileRef = FEB882C12625F980004F0D1E /* HouseholdViewController.swift */; };
		FEB882C52625FB0A004F0D1E /* PrivacyViewController.swift in Sources */ = {isa = PBXBuildFile; fileRef = FEB882C42625FB0A004F0D1E /* PrivacyViewController.swift */; };
		FEF61D9F2636EE3B0095F769 /* ProfileChoreCollectionViewCell.swift in Sources */ = {isa = PBXBuildFile; fileRef = FEF61D9E2636EE3B0095F769 /* ProfileChoreCollectionViewCell.swift */; };
		FEF61DA32636EEDA0095F769 /* ProfileHouseholdMemberCollectionViewCell.swift in Sources */ = {isa = PBXBuildFile; fileRef = FEF61DA22636EEDA0095F769 /* ProfileHouseholdMemberCollectionViewCell.swift */; };
		FEF61DA62636EF290095F769 /* ProfileChoreCellViewModel.swift in Sources */ = {isa = PBXBuildFile; fileRef = FEF61DA52636EF290095F769 /* ProfileChoreCellViewModel.swift */; };
		FEF61DA92636EF8A0095F769 /* ProfileHouseholdMemberCellViewModel.swift in Sources */ = {isa = PBXBuildFile; fileRef = FEF61DA82636EF8A0095F769 /* ProfileHouseholdMemberCellViewModel.swift */; };
		FEF61DAC263723E50095F769 /* FooterButtonCollectionViewCell.swift in Sources */ = {isa = PBXBuildFile; fileRef = FEF61DAB263723E50095F769 /* FooterButtonCollectionViewCell.swift */; };
		FEF61DAF26374EA30095F769 /* AddChoreViewController.swift in Sources */ = {isa = PBXBuildFile; fileRef = FEF61DAE26374EA30095F769 /* AddChoreViewController.swift */; };
/* End PBXBuildFile section */

/* Begin PBXFileReference section */
		02B3C831DDA889BBDB985D36 /* Pods-Choreboard.release.xcconfig */ = {isa = PBXFileReference; includeInIndex = 1; lastKnownFileType = text.xcconfig; name = "Pods-Choreboard.release.xcconfig"; path = "Target Support Files/Pods-Choreboard/Pods-Choreboard.release.xcconfig"; sourceTree = "<group>"; };
		0477EA9C26124D40009DC747 /* AuthManager.swift */ = {isa = PBXFileReference; lastKnownFileType = sourcecode.swift; path = AuthManager.swift; sourceTree = "<group>"; };
		0477EAA026124D4D009DC747 /* APICaller.swift */ = {isa = PBXFileReference; lastKnownFileType = sourcecode.swift; path = APICaller.swift; sourceTree = "<group>"; };
		0477EAA426124D90009DC747 /* Household.swift */ = {isa = PBXFileReference; lastKnownFileType = sourcecode.swift; path = Household.swift; sourceTree = "<group>"; };
		0477EAAC26124DA6009DC747 /* Chore.swift */ = {isa = PBXFileReference; lastKnownFileType = sourcecode.swift; path = Chore.swift; sourceTree = "<group>"; };
		0477EAAF26124DCC009DC747 /* User.swift */ = {isa = PBXFileReference; lastKnownFileType = sourcecode.swift; path = User.swift; sourceTree = "<group>"; };
		047F000526128FD6009EF15D /* TabBarViewController.swift */ = {isa = PBXFileReference; lastKnownFileType = sourcecode.swift; path = TabBarViewController.swift; sourceTree = "<group>"; };
		047F00082612B6D1009EF15D /* ProfileViewController.swift */ = {isa = PBXFileReference; lastKnownFileType = sourcecode.swift; path = ProfileViewController.swift; sourceTree = "<group>"; };
		047F000B2612B6FC009EF15D /* SettingsViewController.swift */ = {isa = PBXFileReference; lastKnownFileType = sourcecode.swift; path = SettingsViewController.swift; sourceTree = "<group>"; };
		048E5B69260BB139009978B4 /* Choreboard.app */ = {isa = PBXFileReference; explicitFileType = wrapper.application; includeInIndex = 0; path = Choreboard.app; sourceTree = BUILT_PRODUCTS_DIR; };
		048E5B6C260BB139009978B4 /* AppDelegate.swift */ = {isa = PBXFileReference; lastKnownFileType = sourcecode.swift; path = AppDelegate.swift; sourceTree = "<group>"; };
		048E5B6E260BB139009978B4 /* SceneDelegate.swift */ = {isa = PBXFileReference; lastKnownFileType = sourcecode.swift; path = SceneDelegate.swift; sourceTree = "<group>"; };
		048E5B70260BB139009978B4 /* HomeViewController.swift */ = {isa = PBXFileReference; lastKnownFileType = sourcecode.swift; path = HomeViewController.swift; sourceTree = "<group>"; };
		048E5B75260BB13C009978B4 /* Assets.xcassets */ = {isa = PBXFileReference; lastKnownFileType = folder.assetcatalog; path = Assets.xcassets; sourceTree = "<group>"; };
		048E5B78260BB13C009978B4 /* Base */ = {isa = PBXFileReference; lastKnownFileType = file.storyboard; name = Base; path = Base.lproj/LaunchScreen.storyboard; sourceTree = "<group>"; };
		048E5B7A260BB13C009978B4 /* Info.plist */ = {isa = PBXFileReference; lastKnownFileType = text.plist.xml; path = Info.plist; sourceTree = "<group>"; };
		048E5B81260BB2A7009978B4 /* README.md */ = {isa = PBXFileReference; lastKnownFileType = net.daringfireball.markdown; path = README.md; sourceTree = "<group>"; };
		04A77F89262B6E640023975C /* NameSetupViewController.swift */ = {isa = PBXFileReference; lastKnownFileType = sourcecode.swift; path = NameSetupViewController.swift; sourceTree = "<group>"; };
		04A77F8D262CDCBD0023975C /* Lato-Italic.ttf */ = {isa = PBXFileReference; lastKnownFileType = file; path = "Lato-Italic.ttf"; sourceTree = "<group>"; };
		04A77F8E262CDCBD0023975C /* Lato-Light.ttf */ = {isa = PBXFileReference; lastKnownFileType = file; path = "Lato-Light.ttf"; sourceTree = "<group>"; };
		04A77F8F262CDCBD0023975C /* Lato-Regular.ttf */ = {isa = PBXFileReference; lastKnownFileType = file; path = "Lato-Regular.ttf"; sourceTree = "<group>"; };
		04A77F90262CDCBD0023975C /* Lato-LightItalic.ttf */ = {isa = PBXFileReference; lastKnownFileType = file; path = "Lato-LightItalic.ttf"; sourceTree = "<group>"; };
		04A77F96262CFD220023975C /* Quicksand-Regular.ttf */ = {isa = PBXFileReference; lastKnownFileType = file; path = "Quicksand-Regular.ttf"; sourceTree = "<group>"; };
		04A77F97262CFD220023975C /* Quicksand-SemiBold.ttf */ = {isa = PBXFileReference; lastKnownFileType = file; path = "Quicksand-SemiBold.ttf"; sourceTree = "<group>"; };
		04A7A685263FA4070002C8B8 /* Member.swift */ = {isa = PBXFileReference; lastKnownFileType = sourcecode.swift; path = Member.swift; sourceTree = "<group>"; };
		04AB1F91263B45210050087F /* HouseholdSetupViewController.swift */ = {isa = PBXFileReference; lastKnownFileType = sourcecode.swift; path = HouseholdSetupViewController.swift; sourceTree = "<group>"; };
		04AB1F93263B4A120050087F /* NewHouseholdSetupViewController.swift */ = {isa = PBXFileReference; lastKnownFileType = sourcecode.swift; path = NewHouseholdSetupViewController.swift; sourceTree = "<group>"; };
		04AB1F95263B4A270050087F /* JoinHouseholdSetupViewController.swift */ = {isa = PBXFileReference; lastKnownFileType = sourcecode.swift; path = JoinHouseholdSetupViewController.swift; sourceTree = "<group>"; };
		04B798A22627C48C0095AE2E /* SignInViewController.swift */ = {isa = PBXFileReference; lastKnownFileType = sourcecode.swift; path = SignInViewController.swift; sourceTree = "<group>"; };
		04B798A52627C6330095AE2E /* EmailSignInViewController.swift */ = {isa = PBXFileReference; lastKnownFileType = sourcecode.swift; path = EmailSignInViewController.swift; sourceTree = "<group>"; };
		04B904C92625D3E8001551A5 /* Extensions.swift */ = {isa = PBXFileReference; lastKnownFileType = sourcecode.swift; path = Extensions.swift; sourceTree = "<group>"; };
		04B904CD262635C1001551A5 /* EmailSignUpViewController.swift */ = {isa = PBXFileReference; lastKnownFileType = sourcecode.swift; path = EmailSignUpViewController.swift; sourceTree = "<group>"; };
		04DDB02326140890008E03EB /* WelcomeViewController.swift */ = {isa = PBXFileReference; lastKnownFileType = sourcecode.swift; path = WelcomeViewController.swift; sourceTree = "<group>"; };
		04DDB02D261420FD008E03EB /* AuthViewController.swift */ = {isa = PBXFileReference; lastKnownFileType = sourcecode.swift; path = AuthViewController.swift; sourceTree = "<group>"; };
		04E918B726252AD2009469F0 /* LoginViewController.swift */ = {isa = PBXFileReference; lastKnownFileType = sourcecode.swift; path = LoginViewController.swift; sourceTree = "<group>"; };
		04E918BA26252AFF009469F0 /* SignUpViewController.swift */ = {isa = PBXFileReference; lastKnownFileType = sourcecode.swift; path = SignUpViewController.swift; sourceTree = "<group>"; };
		1DE03E46D72AE7C797C70C4F /* Pods-Choreboard.debug.xcconfig */ = {isa = PBXFileReference; includeInIndex = 1; lastKnownFileType = text.xcconfig; name = "Pods-Choreboard.debug.xcconfig"; path = "Target Support Files/Pods-Choreboard/Pods-Choreboard.debug.xcconfig"; sourceTree = "<group>"; };
		2C901CCC48E7D7761995E0C6 /* Pods_Choreboard.framework */ = {isa = PBXFileReference; explicitFileType = wrapper.framework; includeInIndex = 0; path = Pods_Choreboard.framework; sourceTree = BUILT_PRODUCTS_DIR; };
		FE4C58C0263F881500BD0DF5 /* MemberSummaryViewController.swift */ = {isa = PBXFileReference; lastKnownFileType = sourcecode.swift; path = MemberSummaryViewController.swift; sourceTree = "<group>"; };
		FE8B110226262E0900236EB3 /* UserPageViewController.swift */ = {isa = PBXFileReference; lastKnownFileType = sourcecode.swift; path = UserPageViewController.swift; sourceTree = "<group>"; };
		FE8B111126265C7800236EB3 /* ChoreCollectionViewCell.swift */ = {isa = PBXFileReference; lastKnownFileType = sourcecode.swift; path = ChoreCollectionViewCell.swift; sourceTree = "<group>"; };
		FE8B111526265CA000236EB3 /* HouseholdMemberCollectionViewCell.swift */ = {isa = PBXFileReference; lastKnownFileType = sourcecode.swift; path = HouseholdMemberCollectionViewCell.swift; sourceTree = "<group>"; };
		FE8B11182626614200236EB3 /* ChoreCellViewModel.swift */ = {isa = PBXFileReference; lastKnownFileType = sourcecode.swift; name = ChoreCellViewModel.swift; path = Choreboard/Views/Home/ChoreCellViewModel.swift; sourceTree = SOURCE_ROOT; };
		FE8B111B26268B5C00236EB3 /* HouseholdMemberCellViewModel.swift */ = {isa = PBXFileReference; lastKnownFileType = sourcecode.swift; name = HouseholdMemberCellViewModel.swift; path = Choreboard/Views/Home/HouseholdMemberCellViewModel.swift; sourceTree = SOURCE_ROOT; };
		FE8B111E262690F900236EB3 /* TitleHeaderCollectionReusableView.swift */ = {isa = PBXFileReference; lastKnownFileType = sourcecode.swift; path = TitleHeaderCollectionReusableView.swift; sourceTree = "<group>"; };
		FEB882BE2625F426004F0D1E /* SettingsModels.swift */ = {isa = PBXFileReference; lastKnownFileType = sourcecode.swift; path = SettingsModels.swift; sourceTree = "<group>"; };
		FEB882C12625F980004F0D1E /* HouseholdViewController.swift */ = {isa = PBXFileReference; lastKnownFileType = sourcecode.swift; path = HouseholdViewController.swift; sourceTree = "<group>"; };
		FEB882C42625FB0A004F0D1E /* PrivacyViewController.swift */ = {isa = PBXFileReference; lastKnownFileType = sourcecode.swift; path = PrivacyViewController.swift; sourceTree = "<group>"; };
		FEF61D9E2636EE3B0095F769 /* ProfileChoreCollectionViewCell.swift */ = {isa = PBXFileReference; lastKnownFileType = sourcecode.swift; path = ProfileChoreCollectionViewCell.swift; sourceTree = "<group>"; };
		FEF61DA22636EEDA0095F769 /* ProfileHouseholdMemberCollectionViewCell.swift */ = {isa = PBXFileReference; lastKnownFileType = sourcecode.swift; path = ProfileHouseholdMemberCollectionViewCell.swift; sourceTree = "<group>"; };
		FEF61DA52636EF290095F769 /* ProfileChoreCellViewModel.swift */ = {isa = PBXFileReference; lastKnownFileType = sourcecode.swift; name = ProfileChoreCellViewModel.swift; path = Choreboard/Views/Profile/ProfileChoreCellViewModel.swift; sourceTree = SOURCE_ROOT; };
		FEF61DA82636EF8A0095F769 /* ProfileHouseholdMemberCellViewModel.swift */ = {isa = PBXFileReference; lastKnownFileType = sourcecode.swift; name = ProfileHouseholdMemberCellViewModel.swift; path = Choreboard/Views/Profile/ProfileHouseholdMemberCellViewModel.swift; sourceTree = SOURCE_ROOT; };
		FEF61DAB263723E50095F769 /* FooterButtonCollectionViewCell.swift */ = {isa = PBXFileReference; lastKnownFileType = sourcecode.swift; path = FooterButtonCollectionViewCell.swift; sourceTree = "<group>"; };
		FEF61DAE26374EA30095F769 /* AddChoreViewController.swift */ = {isa = PBXFileReference; lastKnownFileType = sourcecode.swift; path = AddChoreViewController.swift; sourceTree = "<group>"; };
/* End PBXFileReference section */

/* Begin PBXFrameworksBuildPhase section */
		048E5B66260BB139009978B4 /* Frameworks */ = {
			isa = PBXFrameworksBuildPhase;
			buildActionMask = 2147483647;
			files = (
				5F8285A9CDBECEED52DE1F35 /* Pods_Choreboard.framework in Frameworks */,
			);
			runOnlyForDeploymentPostprocessing = 0;
		};
/* End PBXFrameworksBuildPhase section */

/* Begin PBXGroup section */
		040CD17C2613C6570094D55D /* ViewModels */ = {
			isa = PBXGroup;
			children = (
				FE8B11182626614200236EB3 /* ChoreCellViewModel.swift */,
				FE8B111B26268B5C00236EB3 /* HouseholdMemberCellViewModel.swift */,
				FEF61DA52636EF290095F769 /* ProfileChoreCellViewModel.swift */,
				FEF61DA82636EF8A0095F769 /* ProfileHouseholdMemberCellViewModel.swift */,
			);
			path = ViewModels;
			sourceTree = "<group>";
		};
		040CD17D2613C66D0094D55D /* Views */ = {
			isa = PBXGroup;
			children = (
				FEF61D9D2636EE200095F769 /* Profile */,
				FE8B111026265BF300236EB3 /* Home */,
				048E5B77260BB13C009978B4 /* LaunchScreen.storyboard */,
			);
			path = Views;
			sourceTree = "<group>";
		};
		040CD17E2613C6DD0094D55D /* Resources */ = {
			isa = PBXGroup;
			children = (
				04A77F8C262CDBFE0023975C /* Fonts */,
				048E5B6C260BB139009978B4 /* AppDelegate.swift */,
				048E5B6E260BB139009978B4 /* SceneDelegate.swift */,
				048E5B75260BB13C009978B4 /* Assets.xcassets */,
			);
			path = Resources;
			sourceTree = "<group>";
		};
		0477EA9B26124D1B009DC747 /* Managers */ = {
			isa = PBXGroup;
			children = (
				0477EA9C26124D40009DC747 /* AuthManager.swift */,
				0477EAA026124D4D009DC747 /* APICaller.swift */,
			);
			path = Managers;
			sourceTree = "<group>";
		};
		0477EAA326124D7D009DC747 /* Models */ = {
			isa = PBXGroup;
			children = (
				0477EAA426124D90009DC747 /* Household.swift */,
				04A7A685263FA4070002C8B8 /* Member.swift */,
				0477EAAC26124DA6009DC747 /* Chore.swift */,
				0477EAAF26124DCC009DC747 /* User.swift */,
				FEB882BE2625F426004F0D1E /* SettingsModels.swift */,
			);
			path = Models;
			sourceTree = "<group>";
		};
		0477EAB226124EBD009DC747 /* Controllers */ = {
			isa = PBXGroup;
			children = (
				047F000526128FD6009EF15D /* TabBarViewController.swift */,
				047F00082612B6D1009EF15D /* ProfileViewController.swift */,
				048E5B70260BB139009978B4 /* HomeViewController.swift */,
				047F000B2612B6FC009EF15D /* SettingsViewController.swift */,
				04DDB02D261420FD008E03EB /* AuthViewController.swift */,
				FEF61DAE26374EA30095F769 /* AddChoreViewController.swift */,
				04E918B726252AD2009469F0 /* LoginViewController.swift */,
				FEB882C12625F980004F0D1E /* HouseholdViewController.swift */,
				FEB882C42625FB0A004F0D1E /* PrivacyViewController.swift */,
				FE8B110226262E0900236EB3 /* UserPageViewController.swift */,
				04DDB02326140890008E03EB /* WelcomeViewController.swift */,
				04E918BA26252AFF009469F0 /* SignUpViewController.swift */,
				04B904CD262635C1001551A5 /* EmailSignUpViewController.swift */,
				04B798A22627C48C0095AE2E /* SignInViewController.swift */,
				04B798A52627C6330095AE2E /* EmailSignInViewController.swift */,
				04A77F89262B6E640023975C /* SetupViewController.swift */,
				FEF61DAE26374EA30095F769 /* AddChoreViewController.swift */,
				FE4C58C0263F881500BD0DF5 /* MemberSummaryViewController.swift */,
				04A77F89262B6E640023975C /* NameSetupViewController.swift */,
				04AB1F91263B45210050087F /* HouseholdSetupViewController.swift */,
				04AB1F93263B4A120050087F /* NewHouseholdSetupViewController.swift */,
				04AB1F95263B4A270050087F /* JoinHouseholdSetupViewController.swift */,
			);
			path = Controllers;
			sourceTree = "<group>";
		};
		048E5B60260BB139009978B4 = {
			isa = PBXGroup;
			children = (
				048E5B81260BB2A7009978B4 /* README.md */,
				048E5B6B260BB139009978B4 /* Choreboard */,
				048E5B6A260BB139009978B4 /* Products */,
				290FF01613E297E269013CA9 /* Pods */,
				FD78F429A5BE236A6E4C94D8 /* Frameworks */,
			);
			sourceTree = "<group>";
		};
		048E5B6A260BB139009978B4 /* Products */ = {
			isa = PBXGroup;
			children = (
				048E5B69260BB139009978B4 /* Choreboard.app */,
			);
			name = Products;
			sourceTree = "<group>";
		};
		048E5B6B260BB139009978B4 /* Choreboard */ = {
			isa = PBXGroup;
			children = (
				04B904C82625D3C3001551A5 /* Helpers */,
				040CD17E2613C6DD0094D55D /* Resources */,
				0477EA9B26124D1B009DC747 /* Managers */,
				0477EAA326124D7D009DC747 /* Models */,
				040CD17C2613C6570094D55D /* ViewModels */,
				040CD17D2613C66D0094D55D /* Views */,
				0477EAB226124EBD009DC747 /* Controllers */,
				048E5B7A260BB13C009978B4 /* Info.plist */,
			);
			path = Choreboard;
			sourceTree = "<group>";
		};
		04A77F8C262CDBFE0023975C /* Fonts */ = {
			isa = PBXGroup;
			children = (
				04A77F96262CFD220023975C /* Quicksand-Regular.ttf */,
				04A77F97262CFD220023975C /* Quicksand-SemiBold.ttf */,
				04A77F8D262CDCBD0023975C /* Lato-Italic.ttf */,
				04A77F8E262CDCBD0023975C /* Lato-Light.ttf */,
				04A77F90262CDCBD0023975C /* Lato-LightItalic.ttf */,
				04A77F8F262CDCBD0023975C /* Lato-Regular.ttf */,
			);
			path = Fonts;
			sourceTree = "<group>";
		};
		04B904C82625D3C3001551A5 /* Helpers */ = {
			isa = PBXGroup;
			children = (
				04B904C92625D3E8001551A5 /* Extensions.swift */,
			);
			path = Helpers;
			sourceTree = "<group>";
		};
		290FF01613E297E269013CA9 /* Pods */ = {
			isa = PBXGroup;
			children = (
				1DE03E46D72AE7C797C70C4F /* Pods-Choreboard.debug.xcconfig */,
				02B3C831DDA889BBDB985D36 /* Pods-Choreboard.release.xcconfig */,
			);
			path = Pods;
			sourceTree = "<group>";
		};
		FD78F429A5BE236A6E4C94D8 /* Frameworks */ = {
			isa = PBXGroup;
			children = (
				2C901CCC48E7D7761995E0C6 /* Pods_Choreboard.framework */,
			);
			name = Frameworks;
			sourceTree = "<group>";
		};
		FE8B111026265BF300236EB3 /* Home */ = {
			isa = PBXGroup;
			children = (
				FE8B111126265C7800236EB3 /* ChoreCollectionViewCell.swift */,
				FE8B111526265CA000236EB3 /* HouseholdMemberCollectionViewCell.swift */,
				FE8B111E262690F900236EB3 /* TitleHeaderCollectionReusableView.swift */,
				FEF61DAB263723E50095F769 /* FooterButtonCollectionViewCell.swift */,
			);
			path = Home;
			sourceTree = "<group>";
		};
		FEF61D9D2636EE200095F769 /* Profile */ = {
			isa = PBXGroup;
			children = (
				FEF61D9E2636EE3B0095F769 /* ProfileChoreCollectionViewCell.swift */,
				FEF61DA22636EEDA0095F769 /* ProfileHouseholdMemberCollectionViewCell.swift */,
			);
			path = Profile;
			sourceTree = "<group>";
		};
/* End PBXGroup section */

/* Begin PBXNativeTarget section */
		048E5B68260BB139009978B4 /* Choreboard */ = {
			isa = PBXNativeTarget;
			buildConfigurationList = 048E5B7D260BB13C009978B4 /* Build configuration list for PBXNativeTarget "Choreboard" */;
			buildPhases = (
				50185C85046856221C91D2F9 /* [CP] Check Pods Manifest.lock */,
				048E5B65260BB139009978B4 /* Sources */,
				048E5B66260BB139009978B4 /* Frameworks */,
				048E5B67260BB139009978B4 /* Resources */,
				0A57A0559CE94ED52BE3559F /* [CP] Embed Pods Frameworks */,
				79629D0AF695AF628E583D9F /* [CP] Copy Pods Resources */,
			);
			buildRules = (
			);
			dependencies = (
			);
			name = Choreboard;
			productName = Choreboard;
			productReference = 048E5B69260BB139009978B4 /* Choreboard.app */;
			productType = "com.apple.product-type.application";
		};
/* End PBXNativeTarget section */

/* Begin PBXProject section */
		048E5B61260BB139009978B4 /* Project object */ = {
			isa = PBXProject;
			attributes = {
				LastSwiftUpdateCheck = 1240;
				LastUpgradeCheck = 1240;
				TargetAttributes = {
					048E5B68260BB139009978B4 = {
						CreatedOnToolsVersion = 12.4;
					};
				};
			};
			buildConfigurationList = 048E5B64260BB139009978B4 /* Build configuration list for PBXProject "Choreboard" */;
			compatibilityVersion = "Xcode 9.3";
			developmentRegion = en;
			hasScannedForEncodings = 0;
			knownRegions = (
				en,
				Base,
			);
			mainGroup = 048E5B60260BB139009978B4;
			productRefGroup = 048E5B6A260BB139009978B4 /* Products */;
			projectDirPath = "";
			projectRoot = "";
			targets = (
				048E5B68260BB139009978B4 /* Choreboard */,
			);
		};
/* End PBXProject section */

/* Begin PBXResourcesBuildPhase section */
		048E5B67260BB139009978B4 /* Resources */ = {
			isa = PBXResourcesBuildPhase;
			buildActionMask = 2147483647;
			files = (
				048E5B79260BB13C009978B4 /* LaunchScreen.storyboard in Resources */,
				04A77F99262CFD220023975C /* Quicksand-SemiBold.ttf in Resources */,
				04A77F94262CDCBD0023975C /* Lato-LightItalic.ttf in Resources */,
				04A77F98262CFD220023975C /* Quicksand-Regular.ttf in Resources */,
				04A77F91262CDCBD0023975C /* Lato-Italic.ttf in Resources */,
				04A77F93262CDCBD0023975C /* Lato-Regular.ttf in Resources */,
				048E5B76260BB13C009978B4 /* Assets.xcassets in Resources */,
				04A77F92262CDCBD0023975C /* Lato-Light.ttf in Resources */,
			);
			runOnlyForDeploymentPostprocessing = 0;
		};
/* End PBXResourcesBuildPhase section */

/* Begin PBXShellScriptBuildPhase section */
		0A57A0559CE94ED52BE3559F /* [CP] Embed Pods Frameworks */ = {
			isa = PBXShellScriptBuildPhase;
			buildActionMask = 2147483647;
			files = (
			);
			inputFileListPaths = (
				"${PODS_ROOT}/Target Support Files/Pods-Choreboard/Pods-Choreboard-frameworks-${CONFIGURATION}-input-files.xcfilelist",
			);
			name = "[CP] Embed Pods Frameworks";
			outputFileListPaths = (
				"${PODS_ROOT}/Target Support Files/Pods-Choreboard/Pods-Choreboard-frameworks-${CONFIGURATION}-output-files.xcfilelist",
			);
			runOnlyForDeploymentPostprocessing = 0;
			shellPath = /bin/sh;
			shellScript = "\"${PODS_ROOT}/Target Support Files/Pods-Choreboard/Pods-Choreboard-frameworks.sh\"\n";
			showEnvVarsInLog = 0;
		};
		50185C85046856221C91D2F9 /* [CP] Check Pods Manifest.lock */ = {
			isa = PBXShellScriptBuildPhase;
			buildActionMask = 2147483647;
			files = (
			);
			inputFileListPaths = (
			);
			inputPaths = (
				"${PODS_PODFILE_DIR_PATH}/Podfile.lock",
				"${PODS_ROOT}/Manifest.lock",
			);
			name = "[CP] Check Pods Manifest.lock";
			outputFileListPaths = (
			);
			outputPaths = (
				"$(DERIVED_FILE_DIR)/Pods-Choreboard-checkManifestLockResult.txt",
			);
			runOnlyForDeploymentPostprocessing = 0;
			shellPath = /bin/sh;
			shellScript = "diff \"${PODS_PODFILE_DIR_PATH}/Podfile.lock\" \"${PODS_ROOT}/Manifest.lock\" > /dev/null\nif [ $? != 0 ] ; then\n    # print error to STDERR\n    echo \"error: The sandbox is not in sync with the Podfile.lock. Run 'pod install' or update your CocoaPods installation.\" >&2\n    exit 1\nfi\n# This output is used by Xcode 'outputs' to avoid re-running this script phase.\necho \"SUCCESS\" > \"${SCRIPT_OUTPUT_FILE_0}\"\n";
			showEnvVarsInLog = 0;
		};
		79629D0AF695AF628E583D9F /* [CP] Copy Pods Resources */ = {
			isa = PBXShellScriptBuildPhase;
			buildActionMask = 2147483647;
			files = (
			);
			inputFileListPaths = (
				"${PODS_ROOT}/Target Support Files/Pods-Choreboard/Pods-Choreboard-resources-${CONFIGURATION}-input-files.xcfilelist",
			);
			name = "[CP] Copy Pods Resources";
			outputFileListPaths = (
				"${PODS_ROOT}/Target Support Files/Pods-Choreboard/Pods-Choreboard-resources-${CONFIGURATION}-output-files.xcfilelist",
			);
			runOnlyForDeploymentPostprocessing = 0;
			shellPath = /bin/sh;
			shellScript = "\"${PODS_ROOT}/Target Support Files/Pods-Choreboard/Pods-Choreboard-resources.sh\"\n";
			showEnvVarsInLog = 0;
		};
/* End PBXShellScriptBuildPhase section */

/* Begin PBXSourcesBuildPhase section */
		048E5B65260BB139009978B4 /* Sources */ = {
			isa = PBXSourcesBuildPhase;
			buildActionMask = 2147483647;
			files = (
				FEF61DA62636EF290095F769 /* ProfileChoreCellViewModel.swift in Sources */,
				04E918B826252AD2009469F0 /* LoginViewController.swift in Sources */,
				04AB1F96263B4A270050087F /* JoinHouseholdSetupViewController.swift in Sources */,
				048E5B71260BB139009978B4 /* HomeViewController.swift in Sources */,
				FE8B110326262E0900236EB3 /* UserPageViewController.swift in Sources */,
				04AB1F94263B4A120050087F /* NewHouseholdSetupViewController.swift in Sources */,
				0477EA9D26124D40009DC747 /* AuthManager.swift in Sources */,
				04A77F8A262B6E640023975C /* NameSetupViewController.swift in Sources */,
				FE8B11192626614200236EB3 /* ChoreCellViewModel.swift in Sources */,
				047F000C2612B6FC009EF15D /* SettingsViewController.swift in Sources */,
				FEB882C22625F980004F0D1E /* HouseholdViewController.swift in Sources */,
				047F00092612B6D1009EF15D /* ProfileViewController.swift in Sources */,
				048E5B6D260BB139009978B4 /* AppDelegate.swift in Sources */,
				0477EAA526124D90009DC747 /* Household.swift in Sources */,
				047F000626128FD6009EF15D /* TabBarViewController.swift in Sources */,
				FEF61DA92636EF8A0095F769 /* ProfileHouseholdMemberCellViewModel.swift in Sources */,
				0477EAB026124DCC009DC747 /* User.swift in Sources */,
				FE8B111C26268B5C00236EB3 /* HouseholdMemberCellViewModel.swift in Sources */,
				04E918BB26252AFF009469F0 /* SignUpViewController.swift in Sources */,
				04B798A32627C48C0095AE2E /* SignInViewController.swift in Sources */,
				FEF61DAF26374EA30095F769 /* AddChoreViewController.swift in Sources */,
				FE4C58C1263F881500BD0DF5 /* MemberSummaryViewController.swift in Sources */,
				04DDB02E261420FD008E03EB /* AuthViewController.swift in Sources */,
				04A7A686263FA4070002C8B8 /* Member.swift in Sources */,
				FEB882C52625FB0A004F0D1E /* PrivacyViewController.swift in Sources */,
				04B904CA2625D3E8001551A5 /* Extensions.swift in Sources */,
				0477EAAD26124DA6009DC747 /* Chore.swift in Sources */,
				04DDB02426140890008E03EB /* WelcomeViewController.swift in Sources */,
				0477EAA126124D4D009DC747 /* APICaller.swift in Sources */,
				FEF61DA32636EEDA0095F769 /* ProfileHouseholdMemberCollectionViewCell.swift in Sources */,
				FE8B111226265C7800236EB3 /* ChoreCollectionViewCell.swift in Sources */,
				FEB882BF2625F426004F0D1E /* SettingsModels.swift in Sources */,
				04AB1F92263B45210050087F /* HouseholdSetupViewController.swift in Sources */,
				FE8B111F262690F900236EB3 /* TitleHeaderCollectionReusableView.swift in Sources */,
				FE8B111626265CA000236EB3 /* HouseholdMemberCollectionViewCell.swift in Sources */,
				FEF61DAC263723E50095F769 /* FooterButtonCollectionViewCell.swift in Sources */,
				04B798A62627C6330095AE2E /* EmailSignInViewController.swift in Sources */,
				048E5B6F260BB139009978B4 /* SceneDelegate.swift in Sources */,
				FEF61D9F2636EE3B0095F769 /* ProfileChoreCollectionViewCell.swift in Sources */,
				04B904CE262635C1001551A5 /* EmailSignUpViewController.swift in Sources */,
			);
			runOnlyForDeploymentPostprocessing = 0;
		};
/* End PBXSourcesBuildPhase section */

/* Begin PBXVariantGroup section */
		048E5B77260BB13C009978B4 /* LaunchScreen.storyboard */ = {
			isa = PBXVariantGroup;
			children = (
				048E5B78260BB13C009978B4 /* Base */,
			);
			name = LaunchScreen.storyboard;
			sourceTree = "<group>";
		};
/* End PBXVariantGroup section */

/* Begin XCBuildConfiguration section */
		048E5B7B260BB13C009978B4 /* Debug */ = {
			isa = XCBuildConfiguration;
			buildSettings = {
				ALWAYS_SEARCH_USER_PATHS = NO;
				CLANG_ANALYZER_NONNULL = YES;
				CLANG_ANALYZER_NUMBER_OBJECT_CONVERSION = YES_AGGRESSIVE;
				CLANG_CXX_LANGUAGE_STANDARD = "gnu++14";
				CLANG_CXX_LIBRARY = "libc++";
				CLANG_ENABLE_MODULES = YES;
				CLANG_ENABLE_OBJC_ARC = YES;
				CLANG_ENABLE_OBJC_WEAK = YES;
				CLANG_WARN_BLOCK_CAPTURE_AUTORELEASING = YES;
				CLANG_WARN_BOOL_CONVERSION = YES;
				CLANG_WARN_COMMA = YES;
				CLANG_WARN_CONSTANT_CONVERSION = YES;
				CLANG_WARN_DEPRECATED_OBJC_IMPLEMENTATIONS = YES;
				CLANG_WARN_DIRECT_OBJC_ISA_USAGE = YES_ERROR;
				CLANG_WARN_DOCUMENTATION_COMMENTS = YES;
				CLANG_WARN_EMPTY_BODY = YES;
				CLANG_WARN_ENUM_CONVERSION = YES;
				CLANG_WARN_INFINITE_RECURSION = YES;
				CLANG_WARN_INT_CONVERSION = YES;
				CLANG_WARN_NON_LITERAL_NULL_CONVERSION = YES;
				CLANG_WARN_OBJC_IMPLICIT_RETAIN_SELF = YES;
				CLANG_WARN_OBJC_LITERAL_CONVERSION = YES;
				CLANG_WARN_OBJC_ROOT_CLASS = YES_ERROR;
				CLANG_WARN_QUOTED_INCLUDE_IN_FRAMEWORK_HEADER = YES;
				CLANG_WARN_RANGE_LOOP_ANALYSIS = YES;
				CLANG_WARN_STRICT_PROTOTYPES = YES;
				CLANG_WARN_SUSPICIOUS_MOVE = YES;
				CLANG_WARN_UNGUARDED_AVAILABILITY = YES_AGGRESSIVE;
				CLANG_WARN_UNREACHABLE_CODE = YES;
				CLANG_WARN__DUPLICATE_METHOD_MATCH = YES;
				COPY_PHASE_STRIP = NO;
				DEBUG_INFORMATION_FORMAT = dwarf;
				ENABLE_STRICT_OBJC_MSGSEND = YES;
				ENABLE_TESTABILITY = YES;
				GCC_C_LANGUAGE_STANDARD = gnu11;
				GCC_DYNAMIC_NO_PIC = NO;
				GCC_NO_COMMON_BLOCKS = YES;
				GCC_OPTIMIZATION_LEVEL = 0;
				GCC_PREPROCESSOR_DEFINITIONS = (
					"DEBUG=1",
					"$(inherited)",
				);
				GCC_WARN_64_TO_32_BIT_CONVERSION = YES;
				GCC_WARN_ABOUT_RETURN_TYPE = YES_ERROR;
				GCC_WARN_UNDECLARED_SELECTOR = YES;
				GCC_WARN_UNINITIALIZED_AUTOS = YES_AGGRESSIVE;
				GCC_WARN_UNUSED_FUNCTION = YES;
				GCC_WARN_UNUSED_VARIABLE = YES;
				IPHONEOS_DEPLOYMENT_TARGET = 14.4;
				MTL_ENABLE_DEBUG_INFO = INCLUDE_SOURCE;
				MTL_FAST_MATH = YES;
				ONLY_ACTIVE_ARCH = YES;
				SDKROOT = iphoneos;
				SWIFT_ACTIVE_COMPILATION_CONDITIONS = DEBUG;
				SWIFT_OPTIMIZATION_LEVEL = "-Onone";
			};
			name = Debug;
		};
		048E5B7C260BB13C009978B4 /* Release */ = {
			isa = XCBuildConfiguration;
			buildSettings = {
				ALWAYS_SEARCH_USER_PATHS = NO;
				CLANG_ANALYZER_NONNULL = YES;
				CLANG_ANALYZER_NUMBER_OBJECT_CONVERSION = YES_AGGRESSIVE;
				CLANG_CXX_LANGUAGE_STANDARD = "gnu++14";
				CLANG_CXX_LIBRARY = "libc++";
				CLANG_ENABLE_MODULES = YES;
				CLANG_ENABLE_OBJC_ARC = YES;
				CLANG_ENABLE_OBJC_WEAK = YES;
				CLANG_WARN_BLOCK_CAPTURE_AUTORELEASING = YES;
				CLANG_WARN_BOOL_CONVERSION = YES;
				CLANG_WARN_COMMA = YES;
				CLANG_WARN_CONSTANT_CONVERSION = YES;
				CLANG_WARN_DEPRECATED_OBJC_IMPLEMENTATIONS = YES;
				CLANG_WARN_DIRECT_OBJC_ISA_USAGE = YES_ERROR;
				CLANG_WARN_DOCUMENTATION_COMMENTS = YES;
				CLANG_WARN_EMPTY_BODY = YES;
				CLANG_WARN_ENUM_CONVERSION = YES;
				CLANG_WARN_INFINITE_RECURSION = YES;
				CLANG_WARN_INT_CONVERSION = YES;
				CLANG_WARN_NON_LITERAL_NULL_CONVERSION = YES;
				CLANG_WARN_OBJC_IMPLICIT_RETAIN_SELF = YES;
				CLANG_WARN_OBJC_LITERAL_CONVERSION = YES;
				CLANG_WARN_OBJC_ROOT_CLASS = YES_ERROR;
				CLANG_WARN_QUOTED_INCLUDE_IN_FRAMEWORK_HEADER = YES;
				CLANG_WARN_RANGE_LOOP_ANALYSIS = YES;
				CLANG_WARN_STRICT_PROTOTYPES = YES;
				CLANG_WARN_SUSPICIOUS_MOVE = YES;
				CLANG_WARN_UNGUARDED_AVAILABILITY = YES_AGGRESSIVE;
				CLANG_WARN_UNREACHABLE_CODE = YES;
				CLANG_WARN__DUPLICATE_METHOD_MATCH = YES;
				COPY_PHASE_STRIP = NO;
				DEBUG_INFORMATION_FORMAT = "dwarf-with-dsym";
				ENABLE_NS_ASSERTIONS = NO;
				ENABLE_STRICT_OBJC_MSGSEND = YES;
				GCC_C_LANGUAGE_STANDARD = gnu11;
				GCC_NO_COMMON_BLOCKS = YES;
				GCC_WARN_64_TO_32_BIT_CONVERSION = YES;
				GCC_WARN_ABOUT_RETURN_TYPE = YES_ERROR;
				GCC_WARN_UNDECLARED_SELECTOR = YES;
				GCC_WARN_UNINITIALIZED_AUTOS = YES_AGGRESSIVE;
				GCC_WARN_UNUSED_FUNCTION = YES;
				GCC_WARN_UNUSED_VARIABLE = YES;
				IPHONEOS_DEPLOYMENT_TARGET = 14.4;
				MTL_ENABLE_DEBUG_INFO = NO;
				MTL_FAST_MATH = YES;
				SDKROOT = iphoneos;
				SWIFT_COMPILATION_MODE = wholemodule;
				SWIFT_OPTIMIZATION_LEVEL = "-O";
				VALIDATE_PRODUCT = YES;
			};
			name = Release;
		};
		048E5B7E260BB13C009978B4 /* Debug */ = {
			isa = XCBuildConfiguration;
			baseConfigurationReference = 1DE03E46D72AE7C797C70C4F /* Pods-Choreboard.debug.xcconfig */;
			buildSettings = {
				ASSETCATALOG_COMPILER_APPICON_NAME = AppIcon;
				ASSETCATALOG_COMPILER_GLOBAL_ACCENT_COLOR_NAME = AccentColor;
				CODE_SIGN_ENTITLEMENTS = Choreboard/Choreboard.entitlements;
				CODE_SIGN_IDENTITY = "iPhone Developer";
				CODE_SIGN_STYLE = Manual;
				DEVELOPMENT_TEAM = 47J734W9F8;
				INFOPLIST_FILE = Choreboard/Info.plist;
				LD_RUNPATH_SEARCH_PATHS = (
					"$(inherited)",
					"@executable_path/Frameworks",
				);
				PRODUCT_BUNDLE_IDENTIFIER = com.UND.Choreboard;
				PRODUCT_NAME = "$(TARGET_NAME)";
				PROVISIONING_PROFILE_SPECIFIER = Choreboard;
				SWIFT_VERSION = 5.0;
				TARGETED_DEVICE_FAMILY = "1,2";
			};
			name = Debug;
		};
		048E5B7F260BB13C009978B4 /* Release */ = {
			isa = XCBuildConfiguration;
			baseConfigurationReference = 02B3C831DDA889BBDB985D36 /* Pods-Choreboard.release.xcconfig */;
			buildSettings = {
				ASSETCATALOG_COMPILER_APPICON_NAME = AppIcon;
				ASSETCATALOG_COMPILER_GLOBAL_ACCENT_COLOR_NAME = AccentColor;
				CODE_SIGN_ENTITLEMENTS = Choreboard/Choreboard.entitlements;
				CODE_SIGN_IDENTITY = "iPhone Developer";
				CODE_SIGN_STYLE = Manual;
				DEVELOPMENT_TEAM = 47J734W9F8;
				INFOPLIST_FILE = Choreboard/Info.plist;
				LD_RUNPATH_SEARCH_PATHS = (
					"$(inherited)",
					"@executable_path/Frameworks",
				);
				PRODUCT_BUNDLE_IDENTIFIER = com.UND.Choreboard;
				PRODUCT_NAME = "$(TARGET_NAME)";
				PROVISIONING_PROFILE_SPECIFIER = Choreboard;
				SWIFT_VERSION = 5.0;
				TARGETED_DEVICE_FAMILY = "1,2";
			};
			name = Release;
		};
/* End XCBuildConfiguration section */

/* Begin XCConfigurationList section */
		048E5B64260BB139009978B4 /* Build configuration list for PBXProject "Choreboard" */ = {
			isa = XCConfigurationList;
			buildConfigurations = (
				048E5B7B260BB13C009978B4 /* Debug */,
				048E5B7C260BB13C009978B4 /* Release */,
			);
			defaultConfigurationIsVisible = 0;
			defaultConfigurationName = Release;
		};
		048E5B7D260BB13C009978B4 /* Build configuration list for PBXNativeTarget "Choreboard" */ = {
			isa = XCConfigurationList;
			buildConfigurations = (
				048E5B7E260BB13C009978B4 /* Debug */,
				048E5B7F260BB13C009978B4 /* Release */,
			);
			defaultConfigurationIsVisible = 0;
			defaultConfigurationName = Release;
		};
/* End XCConfigurationList section */
	};
	rootObject = 048E5B61260BB139009978B4 /* Project object */;
}
